// !$*UTF8*$!
{
	archiveVersion = 1;
	classes = {
	};
	objectVersion = 63;
	objects = {

/* Begin PBXBuildFile section */
		25A8CBB8832DDC915960202A /* OpenBenchApp.swift in Sources */ = {isa = PBXBuildFile; fileRef = C53E8A1FE81DC4BBAE0FF33E /* OpenBenchApp.swift */; };
		41776C115DA30269166664E5 /* VideoDecoder.swift in Sources */ = {isa = PBXBuildFile; fileRef = 830648C7ACFC659CA3F4F211 /* VideoDecoder.swift */; };
		477A7AA6A7B41FA63B77357A /* ContentView.swift in Sources */ = {isa = PBXBuildFile; fileRef = FC56151BD60A6B0F7ADD6123 /* ContentView.swift */; };
		4C7F0245CA2BDD1889F9A4B9 /* CertificateStore.swift in Sources */ = {isa = PBXBuildFile; fileRef = D7CD29C8AEB81EB5B255C1E8 /* CertificateStore.swift */; };
		4F76F69856658C22F46256B8 /* PasteModalView.swift in Sources */ = {isa = PBXBuildFile; fileRef = F57422E6B4E8129A70A3A3FD /* PasteModalView.swift */; };
		62DE77735D10DDD0BD88E370 /* MetalRenderer.swift in Sources */ = {isa = PBXBuildFile; fileRef = 8ECADB94DBB4A4E4AD20B3B7 /* MetalRenderer.swift */; };
		669B4423375B0F8EC73F8688 /* StreamSession.swift in Sources */ = {isa = PBXBuildFile; fileRef = C8BBF4075A1A8811FECA7B1D /* StreamSession.swift */; };
		679B2070A099C6E95CBBE8CA /* ClipboardManager.swift in Sources */ = {isa = PBXBuildFile; fileRef = 687A31978A8D4481B0903205 /* ClipboardManager.swift */; };
		7557E04AE44E918B34EF042E /* ServiceBrowser.swift in Sources */ = {isa = PBXBuildFile; fileRef = 8220676B76EE72C55D2E1C95 /* ServiceBrowser.swift */; };
		92DE1A64E34A19DFA9302EF4 /* HostApp.swift in Sources */ = {isa = PBXBuildFile; fileRef = F6044530E8E492165DD706E7 /* HostApp.swift */; };
		9B190063017EC21972EB001E /* VideoDecoder.swift in Sources */ = {isa = PBXBuildFile; fileRef = 830648C7ACFC659CA3F4F211 /* VideoDecoder.swift */; };
		9F89DFBBF276B794F56E5471 /* DisplayPickerView.swift in Sources */ = {isa = PBXBuildFile; fileRef = 0D47C4DE40AA3DDD80951AF6 /* DisplayPickerView.swift */; };
		A30A19E163648C974F655BDF /* FrameReassembler.swift in Sources */ = {isa = PBXBuildFile; fileRef = 2CD10BE1524D03AAD391DB8A /* FrameReassembler.swift */; };
		A36FB7CDEDAEE60A54AAC3B8 /* OpenBenchViewerApp.swift in Sources */ = {isa = PBXBuildFile; fileRef = 53123F7055D6586949D8688E /* OpenBenchViewerApp.swift */; };
		A73096CD93F8C4CEB46027CC /* TrustPromptView.swift in Sources */ = {isa = PBXBuildFile; fileRef = 2812EE95D69353BD67BC641D /* TrustPromptView.swift */; };
		AAAF5AB6A4DE4D620E25904E /* DisplayPickerView.swift in Sources */ = {isa = PBXBuildFile; fileRef = 0D47C4DE40AA3DDD80951AF6 /* DisplayPickerView.swift */; };
		B31C099F2091233BE0C0D1EE /* StreamSession.swift in Sources */ = {isa = PBXBuildFile; fileRef = C8BBF4075A1A8811FECA7B1D /* StreamSession.swift */; };
		B6214C386D008498A5D980ED /* ClipboardManager.swift in Sources */ = {isa = PBXBuildFile; fileRef = 687A31978A8D4481B0903205 /* ClipboardManager.swift */; };
		B73EF428259E897C1DDFA720 /* ServiceBrowser.swift in Sources */ = {isa = PBXBuildFile; fileRef = 8220676B76EE72C55D2E1C95 /* ServiceBrowser.swift */; };
		B747E2E7EF3CF5A33C2E6714 /* TrustPromptView.swift in Sources */ = {isa = PBXBuildFile; fileRef = 2812EE95D69353BD67BC641D /* TrustPromptView.swift */; };
		B7B56F388C13CFE8E3147EB0 /* HostManager.swift in Sources */ = {isa = PBXBuildFile; fileRef = 189EA967E89C24F30695DB06 /* HostManager.swift */; };
		BB3EAC162BB9208F2C0DC309 /* ContentView.swift in Sources */ = {isa = PBXBuildFile; fileRef = FC56151BD60A6B0F7ADD6123 /* ContentView.swift */; };
		BECA9964E19F5C7523CE6F86 /* PermissionChecker.swift in Sources */ = {isa = PBXBuildFile; fileRef = 7FF94738FCE7DEF235BAB120 /* PermissionChecker.swift */; };
		C2BCBC2D3245D9065468F117 /* CertificateStore.swift in Sources */ = {isa = PBXBuildFile; fileRef = D7CD29C8AEB81EB5B255C1E8 /* CertificateStore.swift */; };
		C3CAB78112ED1B30D10BBF8C /* KeyboardInputManager.swift in Sources */ = {isa = PBXBuildFile; fileRef = 53CD11B6CF500F0B97678E11 /* KeyboardInputManager.swift */; };
		C8D69927138C8F9F72F47EB1 /* FrameReassembler.swift in Sources */ = {isa = PBXBuildFile; fileRef = 2CD10BE1524D03AAD391DB8A /* FrameReassembler.swift */; };
		C9C561ABED082E9B0491F128 /* PasteModalView.swift in Sources */ = {isa = PBXBuildFile; fileRef = F57422E6B4E8129A70A3A3FD /* PasteModalView.swift */; };
		CAFB66513B9D46275202BCD2 /* InputManager.swift in Sources */ = {isa = PBXBuildFile; fileRef = 2DA11CBF8E60521D33F60677 /* InputManager.swift */; };
		D689EC82E045F057F5F48174 /* InputManager.swift in Sources */ = {isa = PBXBuildFile; fileRef = 2DA11CBF8E60521D33F60677 /* InputManager.swift */; };
		E06B48453E9C7F4DD7B048FB /* MetalRenderer.swift in Sources */ = {isa = PBXBuildFile; fileRef = 8ECADB94DBB4A4E4AD20B3B7 /* MetalRenderer.swift */; };
		FFA8E943BB04AA5A8D874E1E /* TouchInputManager.swift in Sources */ = {isa = PBXBuildFile; fileRef = EE2E2F081BA30D040D08F35A /* TouchInputManager.swift */; };
/* End PBXBuildFile section */

/* Begin PBXFileReference section */
		04DA354EE6A15711CB2FB9F3 /* OpenBench.entitlements */ = {isa = PBXFileReference; lastKnownFileType = text.plist.entitlements; path = OpenBench.entitlements; sourceTree = "<group>"; };
		0D47C4DE40AA3DDD80951AF6 /* DisplayPickerView.swift */ = {isa = PBXFileReference; lastKnownFileType = sourcecode.swift; path = DisplayPickerView.swift; sourceTree = "<group>"; };
		189EA967E89C24F30695DB06 /* HostManager.swift */ = {isa = PBXFileReference; lastKnownFileType = sourcecode.swift; path = HostManager.swift; sourceTree = "<group>"; };
		2812EE95D69353BD67BC641D /* TrustPromptView.swift */ = {isa = PBXFileReference; lastKnownFileType = sourcecode.swift; path = TrustPromptView.swift; sourceTree = "<group>"; };
		2CD10BE1524D03AAD391DB8A /* FrameReassembler.swift */ = {isa = PBXFileReference; lastKnownFileType = sourcecode.swift; path = FrameReassembler.swift; sourceTree = "<group>"; };
		2DA11CBF8E60521D33F60677 /* InputManager.swift */ = {isa = PBXFileReference; lastKnownFileType = sourcecode.swift; path = InputManager.swift; sourceTree = "<group>"; };
		4BD9726A65AFB82322BF7E1E /* Info.plist */ = {isa = PBXFileReference; lastKnownFileType = text.plist; path = Info.plist; sourceTree = "<group>"; };
		53123F7055D6586949D8688E /* OpenBenchViewerApp.swift */ = {isa = PBXFileReference; lastKnownFileType = sourcecode.swift; path = OpenBenchViewerApp.swift; sourceTree = "<group>"; };
		53CD11B6CF500F0B97678E11 /* KeyboardInputManager.swift */ = {isa = PBXFileReference; lastKnownFileType = sourcecode.swift; path = KeyboardInputManager.swift; sourceTree = "<group>"; };
		54BA1F52076A02BC86816164 /* OpenBench.app */ = {isa = PBXFileReference; explicitFileType = wrapper.application; includeInIndex = 0; path = OpenBench.app; sourceTree = BUILT_PRODUCTS_DIR; };
		687A31978A8D4481B0903205 /* ClipboardManager.swift */ = {isa = PBXFileReference; lastKnownFileType = sourcecode.swift; path = ClipboardManager.swift; sourceTree = "<group>"; };
		68CED142BC111898E56D82B4 /* OpenBench Host.app */ = {isa = PBXFileReference; explicitFileType = wrapper.application; includeInIndex = 0; path = "OpenBench Host.app"; sourceTree = BUILT_PRODUCTS_DIR; };
		7FF94738FCE7DEF235BAB120 /* PermissionChecker.swift */ = {isa = PBXFileReference; lastKnownFileType = sourcecode.swift; path = PermissionChecker.swift; sourceTree = "<group>"; };
		8220676B76EE72C55D2E1C95 /* ServiceBrowser.swift */ = {isa = PBXFileReference; lastKnownFileType = sourcecode.swift; path = ServiceBrowser.swift; sourceTree = "<group>"; };
		830648C7ACFC659CA3F4F211 /* VideoDecoder.swift */ = {isa = PBXFileReference; lastKnownFileType = sourcecode.swift; path = VideoDecoder.swift; sourceTree = "<group>"; };
		8ECADB94DBB4A4E4AD20B3B7 /* MetalRenderer.swift */ = {isa = PBXFileReference; lastKnownFileType = sourcecode.swift; path = MetalRenderer.swift; sourceTree = "<group>"; };
		92405635335323BFE0895520 /* OpenBench Viewer.app */ = {isa = PBXFileReference; explicitFileType = wrapper.application; includeInIndex = 0; path = "OpenBench Viewer.app"; sourceTree = BUILT_PRODUCTS_DIR; };
		C53E8A1FE81DC4BBAE0FF33E /* OpenBenchApp.swift */ = {isa = PBXFileReference; lastKnownFileType = sourcecode.swift; path = OpenBenchApp.swift; sourceTree = "<group>"; };
		C8BBF4075A1A8811FECA7B1D /* StreamSession.swift */ = {isa = PBXFileReference; lastKnownFileType = sourcecode.swift; path = StreamSession.swift; sourceTree = "<group>"; };
		CA5D46B0AE93968764C943E5 /* Info.plist */ = {isa = PBXFileReference; lastKnownFileType = text.plist; path = Info.plist; sourceTree = "<group>"; };
		D7CD29C8AEB81EB5B255C1E8 /* CertificateStore.swift */ = {isa = PBXFileReference; lastKnownFileType = sourcecode.swift; path = CertificateStore.swift; sourceTree = "<group>"; };
		EE2E2F081BA30D040D08F35A /* TouchInputManager.swift */ = {isa = PBXFileReference; lastKnownFileType = sourcecode.swift; path = TouchInputManager.swift; sourceTree = "<group>"; };
		F57422E6B4E8129A70A3A3FD /* PasteModalView.swift */ = {isa = PBXFileReference; lastKnownFileType = sourcecode.swift; path = PasteModalView.swift; sourceTree = "<group>"; };
		F6044530E8E492165DD706E7 /* HostApp.swift */ = {isa = PBXFileReference; lastKnownFileType = sourcecode.swift; path = HostApp.swift; sourceTree = "<group>"; };
		FC56151BD60A6B0F7ADD6123 /* ContentView.swift */ = {isa = PBXFileReference; lastKnownFileType = sourcecode.swift; path = ContentView.swift; sourceTree = "<group>"; };
		FCF49E59533099BD9D52B73E /* OpenBenchViewer.entitlements */ = {isa = PBXFileReference; lastKnownFileType = text.plist.entitlements; path = OpenBenchViewer.entitlements; sourceTree = "<group>"; };
/* End PBXFileReference section */

/* Begin PBXGroup section */
		0523B13251E3D43A3ED63B28 /* macOS */ = {
			isa = PBXGroup;
			children = (
				4BD9726A65AFB82322BF7E1E /* Info.plist */,
				53CD11B6CF500F0B97678E11 /* KeyboardInputManager.swift */,
				FCF49E59533099BD9D52B73E /* OpenBenchViewer.entitlements */,
				53123F7055D6586949D8688E /* OpenBenchViewerApp.swift */,
			);
			path = macOS;
			sourceTree = "<group>";
		};
		0B92B07D15AD5BEAF1810B2C /* iOS */ = {
			isa = PBXGroup;
			children = (
				CA5D46B0AE93968764C943E5 /* Info.plist */,
				04DA354EE6A15711CB2FB9F3 /* OpenBench.entitlements */,
				C53E8A1FE81DC4BBAE0FF33E /* OpenBenchApp.swift */,
				EE2E2F081BA30D040D08F35A /* TouchInputManager.swift */,
			);
			path = iOS;
			sourceTree = "<group>";
		};
		168B9110F48CA4044FFE96B0 /* Host */ = {
			isa = PBXGroup;
			children = (
				F6044530E8E492165DD706E7 /* HostApp.swift */,
				189EA967E89C24F30695DB06 /* HostManager.swift */,
				7FF94738FCE7DEF235BAB120 /* PermissionChecker.swift */,
			);
			path = Host;
			sourceTree = "<group>";
		};
		35409DEB19C4CE01406E4BCD /* Views */ = {
			isa = PBXGroup;
			children = (
				FC56151BD60A6B0F7ADD6123 /* ContentView.swift */,
				0D47C4DE40AA3DDD80951AF6 /* DisplayPickerView.swift */,
				F57422E6B4E8129A70A3A3FD /* PasteModalView.swift */,
				2812EE95D69353BD67BC641D /* TrustPromptView.swift */,
			);
			path = Views;
			sourceTree = "<group>";
		};
		815A93A780771795184A73F3 = {
			isa = PBXGroup;
			children = (
				168B9110F48CA4044FFE96B0 /* Host */,
				0B92B07D15AD5BEAF1810B2C /* iOS */,
				0523B13251E3D43A3ED63B28 /* macOS */,
				F531CE972ADF4E9DC6AF2A50 /* Shared */,
				939D85F4D521C6432D690FBF /* Products */,
			);
			sourceTree = "<group>";
		};
		939D85F4D521C6432D690FBF /* Products */ = {
			isa = PBXGroup;
			children = (
				68CED142BC111898E56D82B4 /* OpenBench Host.app */,
				92405635335323BFE0895520 /* OpenBench Viewer.app */,
				54BA1F52076A02BC86816164 /* OpenBench.app */,
			);
			name = Products;
			sourceTree = "<group>";
		};
		F531CE972ADF4E9DC6AF2A50 /* Shared */ = {
			isa = PBXGroup;
			children = (
				D7CD29C8AEB81EB5B255C1E8 /* CertificateStore.swift */,
				687A31978A8D4481B0903205 /* ClipboardManager.swift */,
				2CD10BE1524D03AAD391DB8A /* FrameReassembler.swift */,
				2DA11CBF8E60521D33F60677 /* InputManager.swift */,
				8ECADB94DBB4A4E4AD20B3B7 /* MetalRenderer.swift */,
				8220676B76EE72C55D2E1C95 /* ServiceBrowser.swift */,
				C8BBF4075A1A8811FECA7B1D /* StreamSession.swift */,
				830648C7ACFC659CA3F4F211 /* VideoDecoder.swift */,
				35409DEB19C4CE01406E4BCD /* Views */,
			);
			path = Shared;
			sourceTree = "<group>";
		};
/* End PBXGroup section */

/* Begin PBXNativeTarget section */
		0CA308215ACFC1F33D0AC6F9 /* OpenBench */ = {
			isa = PBXNativeTarget;
			buildConfigurationList = B64389280C091F9176CA1265 /* Build configuration list for PBXNativeTarget "OpenBench" */;
			buildPhases = (
				031C6A7906329A82E8680615 /* Sources */,
			);
			buildRules = (
			);
			dependencies = (
			);
			name = OpenBench;
			packageProductDependencies = (
			);
			productName = OpenBench;
			productReference = 54BA1F52076A02BC86816164 /* OpenBench.app */;
			productType = "com.apple.product-type.application";
		};
		6BB2FCFFCC89C96E85919881 /* OpenBench Viewer */ = {
			isa = PBXNativeTarget;
			buildConfigurationList = A7369677084F67196D413A58 /* Build configuration list for PBXNativeTarget "OpenBench Viewer" */;
			buildPhases = (
				57BF0ED0309A304181146FC7 /* Sources */,
			);
			buildRules = (
			);
			dependencies = (
			);
			name = "OpenBench Viewer";
			packageProductDependencies = (
			);
			productName = "OpenBench Viewer";
			productReference = 92405635335323BFE0895520 /* OpenBench Viewer.app */;
			productType = "com.apple.product-type.application";
		};
		E8F2D7F39B1D410E27BD7D8C /* OpenBench Host */ = {
			isa = PBXNativeTarget;
			buildConfigurationList = 9CD2A4D814CA18FCE8B635B9 /* Build configuration list for PBXNativeTarget "OpenBench Host" */;
			buildPhases = (
				070A11007CB40AB009D6CBF6 /* Sources */,
			);
			buildRules = (
			);
			dependencies = (
			);
			name = "OpenBench Host";
			packageProductDependencies = (
			);
			productName = "OpenBench Host";
			productReference = 68CED142BC111898E56D82B4 /* OpenBench Host.app */;
			productType = "com.apple.product-type.application";
		};
/* End PBXNativeTarget section */

/* Begin PBXProject section */
		6864DD55FE23CEA43D69BA67 /* Project object */ = {
			isa = PBXProject;
			attributes = {
				BuildIndependentTargetsInParallel = YES;
				LastUpgradeCheck = 1430;
				TargetAttributes = {
					0CA308215ACFC1F33D0AC6F9 = {
						ProvisioningStyle = Automatic;
					};
					6BB2FCFFCC89C96E85919881 = {
						ProvisioningStyle = Automatic;
					};
					E8F2D7F39B1D410E27BD7D8C = {
						ProvisioningStyle = Automatic;
					};
				};
			};
			buildConfigurationList = CDA339005F49D2DFE2E105E4 /* Build configuration list for PBXProject "OpenBench" */;
			compatibilityVersion = "Xcode 14.0";
			developmentRegion = en;
			hasScannedForEncodings = 0;
			knownRegions = (
				Base,
				en,
			);
			mainGroup = 815A93A780771795184A73F3;
			minimizedProjectReferenceProxies = 1;
			projectDirPath = "";
			projectRoot = "";
			targets = (
				0CA308215ACFC1F33D0AC6F9 /* OpenBench */,
				E8F2D7F39B1D410E27BD7D8C /* OpenBench Host */,
				6BB2FCFFCC89C96E85919881 /* OpenBench Viewer */,
			);
		};
/* End PBXProject section */

/* Begin PBXSourcesBuildPhase section */
		031C6A7906329A82E8680615 /* Sources */ = {
			isa = PBXSourcesBuildPhase;
			buildActionMask = 2147483647;
			files = (
				C2BCBC2D3245D9065468F117 /* CertificateStore.swift in Sources */,
				B6214C386D008498A5D980ED /* ClipboardManager.swift in Sources */,
				477A7AA6A7B41FA63B77357A /* ContentView.swift in Sources */,
				9F89DFBBF276B794F56E5471 /* DisplayPickerView.swift in Sources */,
				A30A19E163648C974F655BDF /* FrameReassembler.swift in Sources */,
				D689EC82E045F057F5F48174 /* InputManager.swift in Sources */,
				62DE77735D10DDD0BD88E370 /* MetalRenderer.swift in Sources */,
				25A8CBB8832DDC915960202A /* OpenBenchApp.swift in Sources */,
				C9C561ABED082E9B0491F128 /* PasteModalView.swift in Sources */,
				B73EF428259E897C1DDFA720 /* ServiceBrowser.swift in Sources */,
				B31C099F2091233BE0C0D1EE /* StreamSession.swift in Sources */,
				FFA8E943BB04AA5A8D874E1E /* TouchInputManager.swift in Sources */,
				A73096CD93F8C4CEB46027CC /* TrustPromptView.swift in Sources */,
				9B190063017EC21972EB001E /* VideoDecoder.swift in Sources */,
			);
			runOnlyForDeploymentPostprocessing = 0;
		};
		070A11007CB40AB009D6CBF6 /* Sources */ = {
			isa = PBXSourcesBuildPhase;
			buildActionMask = 2147483647;
			files = (
				92DE1A64E34A19DFA9302EF4 /* HostApp.swift in Sources */,
				B7B56F388C13CFE8E3147EB0 /* HostManager.swift in Sources */,
				BECA9964E19F5C7523CE6F86 /* PermissionChecker.swift in Sources */,
			);
			runOnlyForDeploymentPostprocessing = 0;
		};
		57BF0ED0309A304181146FC7 /* Sources */ = {
			isa = PBXSourcesBuildPhase;
			buildActionMask = 2147483647;
			files = (
				4C7F0245CA2BDD1889F9A4B9 /* CertificateStore.swift in Sources */,
				679B2070A099C6E95CBBE8CA /* ClipboardManager.swift in Sources */,
				BB3EAC162BB9208F2C0DC309 /* ContentView.swift in Sources */,
				AAAF5AB6A4DE4D620E25904E /* DisplayPickerView.swift in Sources */,
				C8D69927138C8F9F72F47EB1 /* FrameReassembler.swift in Sources */,
				CAFB66513B9D46275202BCD2 /* InputManager.swift in Sources */,
				C3CAB78112ED1B30D10BBF8C /* KeyboardInputManager.swift in Sources */,
				E06B48453E9C7F4DD7B048FB /* MetalRenderer.swift in Sources */,
				A36FB7CDEDAEE60A54AAC3B8 /* OpenBenchViewerApp.swift in Sources */,
				4F76F69856658C22F46256B8 /* PasteModalView.swift in Sources */,
				7557E04AE44E918B34EF042E /* ServiceBrowser.swift in Sources */,
				669B4423375B0F8EC73F8688 /* StreamSession.swift in Sources */,
				B747E2E7EF3CF5A33C2E6714 /* TrustPromptView.swift in Sources */,
				41776C115DA30269166664E5 /* VideoDecoder.swift in Sources */,
			);
			runOnlyForDeploymentPostprocessing = 0;
		};
/* End PBXSourcesBuildPhase section */

/* Begin XCBuildConfiguration section */
		101C629E5FAB525325C7547A /* Release */ = {
			isa = XCBuildConfiguration;
			buildSettings = {
				ASSETCATALOG_COMPILER_APPICON_NAME = AppIcon;
				CODE_SIGN_IDENTITY = "iPhone Developer";
				CODE_SIGN_STYLE = Automatic;
				CURRENT_PROJECT_VERSION = 1;
				DEVELOPMENT_TEAM = 6T4Q524WV2;
				INFOPLIST_FILE = iOS/Info.plist;
				LD_RUNPATH_SEARCH_PATHS = (
					"$(inherited)",
					"@executable_path/Frameworks",
				);
				MARKETING_VERSION = 1.0.0;
				PRODUCT_BUNDLE_IDENTIFIER = com.openbench.viewer;
				SDKROOT = iphoneos;
				TARGETED_DEVICE_FAMILY = "1,2";
			};
			name = Release;
		};
		3A85DFF9799464A5BCDD7937 /* Debug */ = {
			isa = XCBuildConfiguration;
			buildSettings = {
				ASSETCATALOG_COMPILER_APPICON_NAME = AppIcon;
				CODE_SIGN_IDENTITY = "iPhone Developer";
				CODE_SIGN_STYLE = Automatic;
				CURRENT_PROJECT_VERSION = 1;
				DEVELOPMENT_TEAM = 6T4Q524WV2;
				INFOPLIST_FILE = iOS/Info.plist;
				LD_RUNPATH_SEARCH_PATHS = (
					"$(inherited)",
					"@executable_path/Frameworks",
				);
				MARKETING_VERSION = 1.0.0;
				PRODUCT_BUNDLE_IDENTIFIER = com.openbench.viewer;
				SDKROOT = iphoneos;
				TARGETED_DEVICE_FAMILY = "1,2";
			};
			name = Debug;
		};
		3B2955C4236E71A93D2143F9 /* Release */ = {
			isa = XCBuildConfiguration;
			buildSettings = {
				ALWAYS_SEARCH_USER_PATHS = NO;
				CLANG_ANALYZER_NONNULL = YES;
				CLANG_ANALYZER_NUMBER_OBJECT_CONVERSION = YES_AGGRESSIVE;
				CLANG_CXX_LANGUAGE_STANDARD = "gnu++14";
				CLANG_CXX_LIBRARY = "libc++";
				CLANG_ENABLE_MODULES = YES;
				CLANG_ENABLE_OBJC_ARC = YES;
				CLANG_ENABLE_OBJC_WEAK = YES;
				CLANG_WARN_BLOCK_CAPTURE_AUTORELEASING = YES;
				CLANG_WARN_BOOL_CONVERSION = YES;
				CLANG_WARN_COMMA = YES;
				CLANG_WARN_CONSTANT_CONVERSION = YES;
				CLANG_WARN_DEPRECATED_OBJC_IMPLEMENTATIONS = YES;
				CLANG_WARN_DIRECT_OBJC_ISA_USAGE = YES_ERROR;
				CLANG_WARN_DOCUMENTATION_COMMENTS = YES;
				CLANG_WARN_EMPTY_BODY = YES;
				CLANG_WARN_ENUM_CONVERSION = YES;
				CLANG_WARN_INFINITE_RECURSION = YES;
				CLANG_WARN_INT_CONVERSION = YES;
				CLANG_WARN_NON_LITERAL_NULL_CONVERSION = YES;
				CLANG_WARN_OBJC_IMPLICIT_RETAIN_SELF = YES;
				CLANG_WARN_OBJC_LITERAL_CONVERSION = YES;
				CLANG_WARN_OBJC_ROOT_CLASS = YES_ERROR;
				CLANG_WARN_QUOTED_INCLUDE_IN_FRAMEWORK_HEADER = YES;
				CLANG_WARN_RANGE_LOOP_ANALYSIS = YES;
				CLANG_WARN_STRICT_PROTOTYPES = YES;
				CLANG_WARN_SUSPICIOUS_MOVE = YES;
				CLANG_WARN_UNGUARDED_AVAILABILITY = YES_AGGRESSIVE;
				CLANG_WARN_UNREACHABLE_CODE = YES;
				CLANG_WARN__DUPLICATE_METHOD_MATCH = YES;
				COPY_PHASE_STRIP = NO;
				DEBUG_INFORMATION_FORMAT = "dwarf-with-dsym";
				ENABLE_NS_ASSERTIONS = NO;
				ENABLE_STRICT_OBJC_MSGSEND = YES;
				GCC_C_LANGUAGE_STANDARD = gnu11;
				GCC_NO_COMMON_BLOCKS = YES;
				GCC_WARN_64_TO_32_BIT_CONVERSION = YES;
				GCC_WARN_ABOUT_RETURN_TYPE = YES_ERROR;
				GCC_WARN_UNDECLARED_SELECTOR = YES;
				GCC_WARN_UNINITIALIZED_AUTOS = YES_AGGRESSIVE;
				GCC_WARN_UNUSED_FUNCTION = YES;
				GCC_WARN_UNUSED_VARIABLE = YES;
				IPHONEOS_DEPLOYMENT_TARGET = 17.0;
				MACOSX_DEPLOYMENT_TARGET = 14.0;
				MTL_ENABLE_DEBUG_INFO = NO;
				MTL_FAST_MATH = YES;
				PRODUCT_NAME = "$(TARGET_NAME)";
				SWIFT_COMPILATION_MODE = wholemodule;
				SWIFT_OPTIMIZATION_LEVEL = "-O";
				SWIFT_VERSION = 5.0;
			};
			name = Release;
		};
		7264A015B6DDCFB202522EA7 /* Debug */ = {
			isa = XCBuildConfiguration;
			buildSettings = {
				ASSETCATALOG_COMPILER_APPICON_NAME = AppIcon;
				CODE_SIGN_STYLE = Automatic;
				COMBINE_HIDPI_IMAGES = YES;
				CURRENT_PROJECT_VERSION = 1;
				GENERATE_INFOPLIST_FILE = YES;
				INFOPLIST_KEY_CFBundleDisplayName = "OpenBench Host";
				INFOPLIST_KEY_LSUIElement = YES;
				INFOPLIST_KEY_NSAccessibilityUsageDescription = "OpenBench Host needs Accessibility to inject mouse and keyboard input from connected viewers.";
				INFOPLIST_KEY_NSLocalNetworkUsageDescription = "OpenBench Host needs local network access to advertise and serve connections.";
				INFOPLIST_KEY_NSScreenCaptureUsageDescription = "OpenBench Host captures your screen to stream to connected viewers.";
				LD_RUNPATH_SEARCH_PATHS = (
					"$(inherited)",
					"@executable_path/../Frameworks",
				);
				MARKETING_VERSION = 1.0.0;
				PRODUCT_BUNDLE_IDENTIFIER = com.openbench.host;
				SDKROOT = macosx;
			};
			name = Debug;
		};
		9F989BB57D2C5738372F4485 /* Debug */ = {
			isa = XCBuildConfiguration;
			buildSettings = {
				ALWAYS_SEARCH_USER_PATHS = NO;
				CLANG_ANALYZER_NONNULL = YES;
				CLANG_ANALYZER_NUMBER_OBJECT_CONVERSION = YES_AGGRESSIVE;
				CLANG_CXX_LANGUAGE_STANDARD = "gnu++14";
				CLANG_CXX_LIBRARY = "libc++";
				CLANG_ENABLE_MODULES = YES;
				CLANG_ENABLE_OBJC_ARC = YES;
				CLANG_ENABLE_OBJC_WEAK = YES;
				CLANG_WARN_BLOCK_CAPTURE_AUTORELEASING = YES;
				CLANG_WARN_BOOL_CONVERSION = YES;
				CLANG_WARN_COMMA = YES;
				CLANG_WARN_CONSTANT_CONVERSION = YES;
				CLANG_WARN_DEPRECATED_OBJC_IMPLEMENTATIONS = YES;
				CLANG_WARN_DIRECT_OBJC_ISA_USAGE = YES_ERROR;
				CLANG_WARN_DOCUMENTATION_COMMENTS = YES;
				CLANG_WARN_EMPTY_BODY = YES;
				CLANG_WARN_ENUM_CONVERSION = YES;
				CLANG_WARN_INFINITE_RECURSION = YES;
				CLANG_WARN_INT_CONVERSION = YES;
				CLANG_WARN_NON_LITERAL_NULL_CONVERSION = YES;
				CLANG_WARN_OBJC_IMPLICIT_RETAIN_SELF = YES;
				CLANG_WARN_OBJC_LITERAL_CONVERSION = YES;
				CLANG_WARN_OBJC_ROOT_CLASS = YES_ERROR;
				CLANG_WARN_QUOTED_INCLUDE_IN_FRAMEWORK_HEADER = YES;
				CLANG_WARN_RANGE_LOOP_ANALYSIS = YES;
				CLANG_WARN_STRICT_PROTOTYPES = YES;
				CLANG_WARN_SUSPICIOUS_MOVE = YES;
				CLANG_WARN_UNGUARDED_AVAILABILITY = YES_AGGRESSIVE;
				CLANG_WARN_UNREACHABLE_CODE = YES;
				CLANG_WARN__DUPLICATE_METHOD_MATCH = YES;
				COPY_PHASE_STRIP = NO;
				DEBUG_INFORMATION_FORMAT = dwarf;
				ENABLE_STRICT_OBJC_MSGSEND = YES;
				ENABLE_TESTABILITY = YES;
				GCC_C_LANGUAGE_STANDARD = gnu11;
				GCC_DYNAMIC_NO_PIC = NO;
				GCC_NO_COMMON_BLOCKS = YES;
				GCC_OPTIMIZATION_LEVEL = 0;
				GCC_PREPROCESSOR_DEFINITIONS = (
					"$(inherited)",
					"DEBUG=1",
				);
				GCC_WARN_64_TO_32_BIT_CONVERSION = YES;
				GCC_WARN_ABOUT_RETURN_TYPE = YES_ERROR;
				GCC_WARN_UNDECLARED_SELECTOR = YES;
				GCC_WARN_UNINITIALIZED_AUTOS = YES_AGGRESSIVE;
				GCC_WARN_UNUSED_FUNCTION = YES;
				GCC_WARN_UNUSED_VARIABLE = YES;
				IPHONEOS_DEPLOYMENT_TARGET = 17.0;
				MACOSX_DEPLOYMENT_TARGET = 14.0;
				MTL_ENABLE_DEBUG_INFO = INCLUDE_SOURCE;
				MTL_FAST_MATH = YES;
				ONLY_ACTIVE_ARCH = YES;
				PRODUCT_NAME = "$(TARGET_NAME)";
				SWIFT_ACTIVE_COMPILATION_CONDITIONS = DEBUG;
				SWIFT_OPTIMIZATION_LEVEL = "-Onone";
				SWIFT_VERSION = 5.0;
			};
			name = Debug;
		};
		AF50D25AD1E7160E8D753824 /* Debug */ = {
			isa = XCBuildConfiguration;
			buildSettings = {
				ASSETCATALOG_COMPILER_APPICON_NAME = AppIcon;
				CODE_SIGN_STYLE = Automatic;
				COMBINE_HIDPI_IMAGES = YES;
				CURRENT_PROJECT_VERSION = 1;
				INFOPLIST_FILE = macOS/Info.plist;
				LD_RUNPATH_SEARCH_PATHS = (
					"$(inherited)",
					"@executable_path/../Frameworks",
				);
				MARKETING_VERSION = 1.0.0;
				PRODUCT_BUNDLE_IDENTIFIER = com.openbench.viewer.mac;
				SDKROOT = macosx;
			};
			name = Debug;
		};
		CC90761D7792C6FEF9F36610 /* Release */ = {
			isa = XCBuildConfiguration;
			buildSettings = {
				ASSETCATALOG_COMPILER_APPICON_NAME = AppIcon;
				CODE_SIGN_STYLE = Automatic;
				COMBINE_HIDPI_IMAGES = YES;
				CURRENT_PROJECT_VERSION = 1;
				GENERATE_INFOPLIST_FILE = YES;
				INFOPLIST_KEY_CFBundleDisplayName = "OpenBench Host";
				INFOPLIST_KEY_LSUIElement = YES;
				INFOPLIST_KEY_NSAccessibilityUsageDescription = "OpenBench Host needs Accessibility to inject mouse and keyboard input from connected viewers.";
				INFOPLIST_KEY_NSLocalNetworkUsageDescription = "OpenBench Host needs local network access to advertise and serve connections.";
				INFOPLIST_KEY_NSScreenCaptureUsageDescription = "OpenBench Host captures your screen to stream to connected viewers.";
				LD_RUNPATH_SEARCH_PATHS = (
					"$(inherited)",
					"@executable_path/../Frameworks",
				);
				MARKETING_VERSION = 1.0.0;
				PRODUCT_BUNDLE_IDENTIFIER = com.openbench.host;
				SDKROOT = macosx;
			};
			name = Release;
		};
		D9DC361DF520E0534BCECCF9 /* Release */ = {
			isa = XCBuildConfiguration;
			buildSettings = {
				ASSETCATALOG_COMPILER_APPICON_NAME = AppIcon;
				CODE_SIGN_STYLE = Automatic;
				COMBINE_HIDPI_IMAGES = YES;
				CURRENT_PROJECT_VERSION = 1;
				INFOPLIST_FILE = macOS/Info.plist;
				LD_RUNPATH_SEARCH_PATHS = (
					"$(inherited)",
					"@executable_path/../Frameworks",
				);
				MARKETING_VERSION = 1.0.0;
				PRODUCT_BUNDLE_IDENTIFIER = com.openbench.viewer.mac;
				SDKROOT = macosx;
			};
			name = Release;
		};
/* End XCBuildConfiguration section */

/* Begin XCConfigurationList section */
		9CD2A4D814CA18FCE8B635B9 /* Build configuration list for PBXNativeTarget "OpenBench Host" */ = {
			isa = XCConfigurationList;
			buildConfigurations = (
				7264A015B6DDCFB202522EA7 /* Debug */,
				CC90761D7792C6FEF9F36610 /* Release */,
			);
			defaultConfigurationIsVisible = 0;
			defaultConfigurationName = Debug;
		};
		A7369677084F67196D413A58 /* Build configuration list for PBXNativeTarget "OpenBench Viewer" */ = {
			isa = XCConfigurationList;
			buildConfigurations = (
				AF50D25AD1E7160E8D753824 /* Debug */,
				D9DC361DF520E0534BCECCF9 /* Release */,
			);
			defaultConfigurationIsVisible = 0;
			defaultConfigurationName = Debug;
		};
		B64389280C091F9176CA1265 /* Build configuration list for PBXNativeTarget "OpenBench" */ = {
			isa = XCConfigurationList;
			buildConfigurations = (
				3A85DFF9799464A5BCDD7937 /* Debug */,
				101C629E5FAB525325C7547A /* Release */,
			);
			defaultConfigurationIsVisible = 0;
			defaultConfigurationName = Debug;
		};
		CDA339005F49D2DFE2E105E4 /* Build configuration list for PBXProject "OpenBench" */ = {
			isa = XCConfigurationList;
			buildConfigurations = (
				9F989BB57D2C5738372F4485 /* Debug */,
				3B2955C4236E71A93D2143F9 /* Release */,
			);
			defaultConfigurationIsVisible = 0;
			defaultConfigurationName = Debug;
		};
/* End XCConfigurationList section */
	};
	rootObject = 6864DD55FE23CEA43D69BA67 /* Project object */;
}
